// !$*UTF8*$!
{
	archiveVersion = 1;
	classes = {
	};
	objectVersion = 46;
	objects = {

/* Begin PBXBuildFile section */
		1D263AA61FC486620048FDE3 /* UsersModel.swift in Sources */ = {isa = PBXBuildFile; fileRef = 1D263AA51FC486620048FDE3 /* UsersModel.swift */; };
		1D2891491FD1B92E001FB882 /* LogoutContext.swift in Sources */ = {isa = PBXBuildFile; fileRef = 1D2891481FD1B92E001FB882 /* LogoutContext.swift */; };
		1D5A0F891FC58FCF0059AFAF /* UserCell.swift in Sources */ = {isa = PBXBuildFile; fileRef = 1D5A0F871FC58FCF0059AFAF /* UserCell.swift */; };
		1D5A0F8A1FC58FCF0059AFAF /* UserCell.xib in Resources */ = {isa = PBXBuildFile; fileRef = 1D5A0F881FC58FCF0059AFAF /* UserCell.xib */; };
		1D5A0F8D1FC5B0050059AFAF /* FriendsContext.swift in Sources */ = {isa = PBXBuildFile; fileRef = 1D5A0F8C1FC5B0050059AFAF /* FriendsContext.swift */; };
		1D5BBB3D1FC708A8004A5A6C /* ArrayModelOption.swift in Sources */ = {isa = PBXBuildFile; fileRef = 1D5BBB3C1FC708A8004A5A6C /* ArrayModelOption.swift */; };
		1D5BBB3F1FC70A27004A5A6C /* ArrayModelRemoveOption.swift in Sources */ = {isa = PBXBuildFile; fileRef = 1D5BBB3E1FC70A27004A5A6C /* ArrayModelRemoveOption.swift */; };
		1D5BBB411FC71013004A5A6C /* ArrayModelAddOption.swift in Sources */ = {isa = PBXBuildFile; fileRef = 1D5BBB401FC71013004A5A6C /* ArrayModelAddOption.swift */; };
		1D5BBB431FC713A2004A5A6C /* ArrayModelMoveOption.swift in Sources */ = {isa = PBXBuildFile; fileRef = 1D5BBB421FC713A2004A5A6C /* ArrayModelMoveOption.swift */; };
		1D5EF6771FCEDEB600AB0C72 /* String+Extension.swift in Sources */ = {isa = PBXBuildFile; fileRef = 1D5EF6761FCEDEB600AB0C72 /* String+Extension.swift */; };
		1D5FB6521FC44BDB008BEE38 /* FriendsViewController.swift in Sources */ = {isa = PBXBuildFile; fileRef = 1D5FB6501FC44BDB008BEE38 /* FriendsViewController.swift */; };
		1D5FB6531FC44BDB008BEE38 /* FriendsViewController.xib in Resources */ = {isa = PBXBuildFile; fileRef = 1D5FB6511FC44BDB008BEE38 /* FriendsViewController.xib */; };
		1D5FB6551FC44BDB008BEE38 /* FriendsView.swift in Sources */ = {isa = PBXBuildFile; fileRef = 1D5FB6541FC44BDB008BEE38 /* FriendsView.swift */; };
		1D5FB6571FC44BDB008BEE38 /* UITableView+Extension.swift in Sources */ = {isa = PBXBuildFile; fileRef = 1D5FB6561FC44BDB008BEE38 /* UITableView+Extension.swift */; };
		1D6E81B91FBFB15C00B94CF8 /* ImageView.swift in Sources */ = {isa = PBXBuildFile; fileRef = 1D6E81B81FBFB15C00B94CF8 /* ImageView.swift */; };
		1D6E81BB1FBFB24800B94CF8 /* ImageModel.swift in Sources */ = {isa = PBXBuildFile; fileRef = 1D6E81BA1FBFB24800B94CF8 /* ImageModel.swift */; };
		1D6E81BE1FBFB4B300B94CF8 /* ImageModelCache.swift in Sources */ = {isa = PBXBuildFile; fileRef = 1D6E81BD1FBFB4B300B94CF8 /* ImageModelCache.swift */; };
		1D75F9EF1FCD912900CAB0E3 /* RootView.swift in Sources */ = {isa = PBXBuildFile; fileRef = 1D75F9EE1FCD912900CAB0E3 /* RootView.swift */; };
		1D7D11881FC2ECE400878834 /* Global.swift in Sources */ = {isa = PBXBuildFile; fileRef = 1D7D11871FC2ECE400878834 /* Global.swift */; };
		1D7D118C1FC2F53000878834 /* FileSystemImageModel.swift in Sources */ = {isa = PBXBuildFile; fileRef = 1D7D118B1FC2F53000878834 /* FileSystemImageModel.swift */; };
		1D7D118E1FC2FDC300878834 /* InternetImageModel.swift in Sources */ = {isa = PBXBuildFile; fileRef = 1D7D118D1FC2FDC300878834 /* InternetImageModel.swift */; };
		1D7D11901FC3029100878834 /* URL+Extension.swift in Sources */ = {isa = PBXBuildFile; fileRef = 1D7D118F1FC3029100878834 /* URL+Extension.swift */; };
		1D817BDC1FBCC7C800EC01F2 /* UserParser.swift in Sources */ = {isa = PBXBuildFile; fileRef = 1D817BDB1FBCC7C800EC01F2 /* UserParser.swift */; };
		1D943B8E1FBCD62700B07695 /* AppDelegate.swift in Sources */ = {isa = PBXBuildFile; fileRef = 1D943B5D1FBCD62700B07695 /* AppDelegate.swift */; };
		1D943B901FBCD62700B07695 /* Assets.xcassets in Resources */ = {isa = PBXBuildFile; fileRef = 1D943B601FBCD62700B07695 /* Assets.xcassets */; };
		1D943B911FBCD62700B07695 /* LaunchScreen.storyboard in Resources */ = {isa = PBXBuildFile; fileRef = 1D943B611FBCD62700B07695 /* LaunchScreen.storyboard */; };
		1D943B921FBCD62700B07695 /* Main.storyboard in Resources */ = {isa = PBXBuildFile; fileRef = 1D943B631FBCD62700B07695 /* Main.storyboard */; };
		1D943B931FBCD62700B07695 /* Context.swift in Sources */ = {isa = PBXBuildFile; fileRef = 1D943B671FBCD62700B07695 /* Context.swift */; };
		1D943B941FBCD62700B07695 /* GetContext.swift in Sources */ = {isa = PBXBuildFile; fileRef = 1D943B691FBCD62700B07695 /* GetContext.swift */; };
		1D943B951FBCD62700B07695 /* LoginContext.swift in Sources */ = {isa = PBXBuildFile; fileRef = 1D943B6B1FBCD62700B07695 /* LoginContext.swift */; };
		1D943B961FBCD62700B07695 /* UserContext.swift in Sources */ = {isa = PBXBuildFile; fileRef = 1D943B6D1FBCD62700B07695 /* UserContext.swift */; };
		1D943B971FBCD62700B07695 /* ObservableObject.swift in Sources */ = {isa = PBXBuildFile; fileRef = 1D943B711FBCD62700B07695 /* ObservableObject.swift */; };
		1D943B991FBCD62700B07695 /* UINib+Extension.swift in Sources */ = {isa = PBXBuildFile; fileRef = 1D943B741FBCD62700B07695 /* UINib+Extension.swift */; };
		1D943B9A1FBCD62700B07695 /* Model.swift in Sources */ = {isa = PBXBuildFile; fileRef = 1D943B781FBCD62700B07695 /* Model.swift */; };
		1D943B9B1FBCD62700B07695 /* CurrentUserModel.swift in Sources */ = {isa = PBXBuildFile; fileRef = 1D943B7A1FBCD62700B07695 /* CurrentUserModel.swift */; };
		1D943B9C1FBCD62700B07695 /* UserModel.swift in Sources */ = {isa = PBXBuildFile; fileRef = 1D943B7B1FBCD62700B07695 /* UserModel.swift */; };
		1D943B9D1FBCD62700B07695 /* FBViewController.swift in Sources */ = {isa = PBXBuildFile; fileRef = 1D943B7E1FBCD62700B07695 /* FBViewController.swift */; };
		1D943B9E1FBCD62700B07695 /* LoginView.swift in Sources */ = {isa = PBXBuildFile; fileRef = 1D943B811FBCD62700B07695 /* LoginView.swift */; };
		1D943B9F1FBCD62700B07695 /* LoginViewController.swift in Sources */ = {isa = PBXBuildFile; fileRef = 1D943B821FBCD62700B07695 /* LoginViewController.swift */; };
		1D943BA01FBCD62700B07695 /* LoginViewController.xib in Resources */ = {isa = PBXBuildFile; fileRef = 1D943B831FBCD62700B07695 /* LoginViewController.xib */; };
		1D943BA11FBCD62700B07695 /* UserView.swift in Sources */ = {isa = PBXBuildFile; fileRef = 1D943B851FBCD62700B07695 /* UserView.swift */; };
		1D943BA21FBCD62700B07695 /* UserViewController.swift in Sources */ = {isa = PBXBuildFile; fileRef = 1D943B861FBCD62700B07695 /* UserViewController.swift */; };
		1D943BA31FBCD62700B07695 /* UserViewController.xib in Resources */ = {isa = PBXBuildFile; fileRef = 1D943B871FBCD62700B07695 /* UserViewController.xib */; };
		1D943BA41FBCD62700B07695 /* FBView.swift in Sources */ = {isa = PBXBuildFile; fileRef = 1D943B891FBCD62700B07695 /* FBView.swift */; };
		1D943BA51FBCD62700B07695 /* LoadingView.swift in Sources */ = {isa = PBXBuildFile; fileRef = 1D943B8C1FBCD62700B07695 /* LoadingView.swift */; };
		1D943BA61FBCD62700B07695 /* LoadingView.xib in Resources */ = {isa = PBXBuildFile; fileRef = 1D943B8D1FBCD62700B07695 /* LoadingView.xib */; };
		1D9491E61FD9C36D00C74C2F /* WeakReference.swift in Sources */ = {isa = PBXBuildFile; fileRef = 1D9491E51FD9C36D00C74C2F /* WeakReference.swift */; };
		1D9491EA1FD9C36D00C74C2F /* UIWindow+Extension.swift in Sources */ = {isa = PBXBuildFile; fileRef = 1D9491E91FD9C36D00C74C2F /* UIWindow+Extension.swift */; };
		1DA781151FC44A4300E12EA0 /* ArrayModel.swift in Sources */ = {isa = PBXBuildFile; fileRef = 1DA781141FC44A4300E12EA0 /* ArrayModel.swift */; };
		1DB72E551FC32F9E00164758 /* FileManager+Extension.swift in Sources */ = {isa = PBXBuildFile; fileRef = 1DB72E541FC32F9E00164758 /* FileManager+Extension.swift */; };
		66DFA19A00B2AF1DF5FDC4F1 /* Pods_SwiftFB.framework in Frameworks */ = {isa = PBXBuildFile; fileRef = 427299F9C43D01B222BBE389 /* Pods_SwiftFB.framework */; };
/* End PBXBuildFile section */

/* Begin PBXFileReference section */
		1D1C7D421FABF54700A207A4 /* FBSDKCoreKit.framework */ = {isa = PBXFileReference; lastKnownFileType = wrapper.framework; name = FBSDKCoreKit.framework; path = "../../Library/Developer/Xcode/DerivedData/SwiftFB-dwghhnvhpmqevrfbpyriqypdxrzz/Build/Products/Debug-iphonesimulator/FBSDKCoreKit/FBSDKCoreKit.framework"; sourceTree = "<group>"; };
		1D263AA51FC486620048FDE3 /* UsersModel.swift */ = {isa = PBXFileReference; fileEncoding = 4; lastKnownFileType = sourcecode.swift; path = UsersModel.swift; sourceTree = "<group>"; };
		1D2891481FD1B92E001FB882 /* LogoutContext.swift */ = {isa = PBXFileReference; fileEncoding = 4; lastKnownFileType = sourcecode.swift; path = LogoutContext.swift; sourceTree = "<group>"; };
		1D5A0F871FC58FCF0059AFAF /* UserCell.swift */ = {isa = PBXFileReference; fileEncoding = 4; lastKnownFileType = sourcecode.swift; path = UserCell.swift; sourceTree = "<group>"; };
		1D5A0F881FC58FCF0059AFAF /* UserCell.xib */ = {isa = PBXFileReference; fileEncoding = 4; lastKnownFileType = file.xib; path = UserCell.xib; sourceTree = "<group>"; };
		1D5A0F8C1FC5B0050059AFAF /* FriendsContext.swift */ = {isa = PBXFileReference; fileEncoding = 4; lastKnownFileType = sourcecode.swift; path = FriendsContext.swift; sourceTree = "<group>"; };
		1D5BBB3C1FC708A8004A5A6C /* ArrayModelOption.swift */ = {isa = PBXFileReference; fileEncoding = 4; lastKnownFileType = sourcecode.swift; path = ArrayModelOption.swift; sourceTree = "<group>"; };
		1D5BBB3E1FC70A27004A5A6C /* ArrayModelRemoveOption.swift */ = {isa = PBXFileReference; fileEncoding = 4; lastKnownFileType = sourcecode.swift; path = ArrayModelRemoveOption.swift; sourceTree = "<group>"; };
		1D5BBB401FC71013004A5A6C /* ArrayModelAddOption.swift */ = {isa = PBXFileReference; fileEncoding = 4; lastKnownFileType = sourcecode.swift; path = ArrayModelAddOption.swift; sourceTree = "<group>"; };
		1D5BBB421FC713A2004A5A6C /* ArrayModelMoveOption.swift */ = {isa = PBXFileReference; fileEncoding = 4; lastKnownFileType = sourcecode.swift; path = ArrayModelMoveOption.swift; sourceTree = "<group>"; };
		1D5EF6761FCEDEB600AB0C72 /* String+Extension.swift */ = {isa = PBXFileReference; fileEncoding = 4; lastKnownFileType = sourcecode.swift; path = "String+Extension.swift"; sourceTree = "<group>"; };
		1D5F188F1FA0F34D006EAC73 /* SwiftFB.app */ = {isa = PBXFileReference; explicitFileType = wrapper.application; includeInIndex = 0; path = SwiftFB.app; sourceTree = BUILT_PRODUCTS_DIR; };
		1D5F18C91FA0F5CD006EAC73 /* SwiftFB.xcodeproj */ = {isa = PBXFileReference; lastKnownFileType = "wrapper.pb-project"; path = SwiftFB.xcodeproj; sourceTree = "<group>"; };
		1D5FB6501FC44BDB008BEE38 /* FriendsViewController.swift */ = {isa = PBXFileReference; fileEncoding = 4; lastKnownFileType = sourcecode.swift; path = FriendsViewController.swift; sourceTree = "<group>"; };
		1D5FB6511FC44BDB008BEE38 /* FriendsViewController.xib */ = {isa = PBXFileReference; fileEncoding = 4; lastKnownFileType = file.xib; path = FriendsViewController.xib; sourceTree = "<group>"; };
		1D5FB6541FC44BDB008BEE38 /* FriendsView.swift */ = {isa = PBXFileReference; fileEncoding = 4; lastKnownFileType = sourcecode.swift; path = FriendsView.swift; sourceTree = "<group>"; };
		1D5FB6561FC44BDB008BEE38 /* UITableView+Extension.swift */ = {isa = PBXFileReference; fileEncoding = 4; lastKnownFileType = sourcecode.swift; path = "UITableView+Extension.swift"; sourceTree = "<group>"; };
		1D6E81B81FBFB15C00B94CF8 /* ImageView.swift */ = {isa = PBXFileReference; fileEncoding = 4; lastKnownFileType = sourcecode.swift; path = ImageView.swift; sourceTree = "<group>"; };
		1D6E81BA1FBFB24800B94CF8 /* ImageModel.swift */ = {isa = PBXFileReference; fileEncoding = 4; lastKnownFileType = sourcecode.swift; path = ImageModel.swift; sourceTree = "<group>"; };
		1D6E81BD1FBFB4B300B94CF8 /* ImageModelCache.swift */ = {isa = PBXFileReference; fileEncoding = 4; lastKnownFileType = sourcecode.swift; path = ImageModelCache.swift; sourceTree = "<group>"; };
		1D75F9EE1FCD912900CAB0E3 /* RootView.swift */ = {isa = PBXFileReference; fileEncoding = 4; lastKnownFileType = sourcecode.swift; path = RootView.swift; sourceTree = "<group>"; };
		1D7D11871FC2ECE400878834 /* Global.swift */ = {isa = PBXFileReference; fileEncoding = 4; lastKnownFileType = sourcecode.swift; path = Global.swift; sourceTree = "<group>"; };
		1D7D118B1FC2F53000878834 /* FileSystemImageModel.swift */ = {isa = PBXFileReference; fileEncoding = 4; lastKnownFileType = sourcecode.swift; path = FileSystemImageModel.swift; sourceTree = "<group>"; };
		1D7D118D1FC2FDC300878834 /* InternetImageModel.swift */ = {isa = PBXFileReference; fileEncoding = 4; lastKnownFileType = sourcecode.swift; path = InternetImageModel.swift; sourceTree = "<group>"; };
		1D7D118F1FC3029100878834 /* URL+Extension.swift */ = {isa = PBXFileReference; fileEncoding = 4; lastKnownFileType = sourcecode.swift; path = "URL+Extension.swift"; sourceTree = "<group>"; };
		1D817BDB1FBCC7C800EC01F2 /* UserParser.swift */ = {isa = PBXFileReference; fileEncoding = 4; lastKnownFileType = sourcecode.swift; path = UserParser.swift; sourceTree = "<group>"; };
		1D943B5D1FBCD62700B07695 /* AppDelegate.swift */ = {isa = PBXFileReference; fileEncoding = 4; lastKnownFileType = sourcecode.swift; path = AppDelegate.swift; sourceTree = "<group>"; };
		1D943B601FBCD62700B07695 /* Assets.xcassets */ = {isa = PBXFileReference; lastKnownFileType = folder.assetcatalog; path = Assets.xcassets; sourceTree = "<group>"; };
		1D943B621FBCD62700B07695 /* Base */ = {isa = PBXFileReference; lastKnownFileType = file.storyboard; name = Base; path = Base.lproj/LaunchScreen.storyboard; sourceTree = "<group>"; };
		1D943B641FBCD62700B07695 /* Base */ = {isa = PBXFileReference; lastKnownFileType = file.storyboard; name = Base; path = Base.lproj/Main.storyboard; sourceTree = "<group>"; };
		1D943B671FBCD62700B07695 /* Context.swift */ = {isa = PBXFileReference; fileEncoding = 4; lastKnownFileType = sourcecode.swift; path = Context.swift; sourceTree = "<group>"; };
		1D943B691FBCD62700B07695 /* GetContext.swift */ = {isa = PBXFileReference; fileEncoding = 4; lastKnownFileType = sourcecode.swift; path = GetContext.swift; sourceTree = "<group>"; };
		1D943B6B1FBCD62700B07695 /* LoginContext.swift */ = {isa = PBXFileReference; fileEncoding = 4; lastKnownFileType = sourcecode.swift; path = LoginContext.swift; sourceTree = "<group>"; };
		1D943B6D1FBCD62700B07695 /* UserContext.swift */ = {isa = PBXFileReference; fileEncoding = 4; lastKnownFileType = sourcecode.swift; path = UserContext.swift; sourceTree = "<group>"; };
		1D943B711FBCD62700B07695 /* ObservableObject.swift */ = {isa = PBXFileReference; fileEncoding = 4; lastKnownFileType = sourcecode.swift; path = ObservableObject.swift; sourceTree = "<group>"; };
		1D943B741FBCD62700B07695 /* UINib+Extension.swift */ = {isa = PBXFileReference; fileEncoding = 4; lastKnownFileType = sourcecode.swift; path = "UINib+Extension.swift"; sourceTree = "<group>"; };
		1D943B781FBCD62700B07695 /* Model.swift */ = {isa = PBXFileReference; fileEncoding = 4; lastKnownFileType = sourcecode.swift; path = Model.swift; sourceTree = "<group>"; };
		1D943B7A1FBCD62700B07695 /* CurrentUserModel.swift */ = {isa = PBXFileReference; fileEncoding = 4; lastKnownFileType = sourcecode.swift; path = CurrentUserModel.swift; sourceTree = "<group>"; };
		1D943B7B1FBCD62700B07695 /* UserModel.swift */ = {isa = PBXFileReference; fileEncoding = 4; lastKnownFileType = sourcecode.swift; path = UserModel.swift; sourceTree = "<group>"; };
		1D943B7E1FBCD62700B07695 /* FBViewController.swift */ = {isa = PBXFileReference; fileEncoding = 4; lastKnownFileType = sourcecode.swift; path = FBViewController.swift; sourceTree = "<group>"; };
		1D943B811FBCD62700B07695 /* LoginView.swift */ = {isa = PBXFileReference; fileEncoding = 4; lastKnownFileType = sourcecode.swift; path = LoginView.swift; sourceTree = "<group>"; };
		1D943B821FBCD62700B07695 /* LoginViewController.swift */ = {isa = PBXFileReference; fileEncoding = 4; lastKnownFileType = sourcecode.swift; path = LoginViewController.swift; sourceTree = "<group>"; };
		1D943B831FBCD62700B07695 /* LoginViewController.xib */ = {isa = PBXFileReference; fileEncoding = 4; lastKnownFileType = file.xib; path = LoginViewController.xib; sourceTree = "<group>"; };
		1D943B851FBCD62700B07695 /* UserView.swift */ = {isa = PBXFileReference; fileEncoding = 4; lastKnownFileType = sourcecode.swift; path = UserView.swift; sourceTree = "<group>"; };
		1D943B861FBCD62700B07695 /* UserViewController.swift */ = {isa = PBXFileReference; fileEncoding = 4; lastKnownFileType = sourcecode.swift; path = UserViewController.swift; sourceTree = "<group>"; };
		1D943B871FBCD62700B07695 /* UserViewController.xib */ = {isa = PBXFileReference; fileEncoding = 4; lastKnownFileType = file.xib; path = UserViewController.xib; sourceTree = "<group>"; };
		1D943B891FBCD62700B07695 /* FBView.swift */ = {isa = PBXFileReference; fileEncoding = 4; lastKnownFileType = sourcecode.swift; path = FBView.swift; sourceTree = "<group>"; };
		1D943B8C1FBCD62700B07695 /* LoadingView.swift */ = {isa = PBXFileReference; fileEncoding = 4; lastKnownFileType = sourcecode.swift; path = LoadingView.swift; sourceTree = "<group>"; };
		1D943B8D1FBCD62700B07695 /* LoadingView.xib */ = {isa = PBXFileReference; fileEncoding = 4; lastKnownFileType = file.xib; path = LoadingView.xib; sourceTree = "<group>"; };
		1D9491E51FD9C36D00C74C2F /* WeakReference.swift */ = {isa = PBXFileReference; fileEncoding = 4; lastKnownFileType = sourcecode.swift; path = WeakReference.swift; sourceTree = "<group>"; };
		1D9491E91FD9C36D00C74C2F /* UIWindow+Extension.swift */ = {isa = PBXFileReference; fileEncoding = 4; lastKnownFileType = sourcecode.swift; path = "UIWindow+Extension.swift"; sourceTree = "<group>"; };
		1DA781141FC44A4300E12EA0 /* ArrayModel.swift */ = {isa = PBXFileReference; fileEncoding = 4; lastKnownFileType = sourcecode.swift; path = ArrayModel.swift; sourceTree = "<group>"; };
		1DA781161FC44E0D00E12EA0 /* Info.plist */ = {isa = PBXFileReference; lastKnownFileType = text.plist.xml; path = Info.plist; sourceTree = "<group>"; };
		1DB72E541FC32F9E00164758 /* FileManager+Extension.swift */ = {isa = PBXFileReference; fileEncoding = 4; lastKnownFileType = sourcecode.swift; path = "FileManager+Extension.swift"; sourceTree = "<group>"; };
		427299F9C43D01B222BBE389 /* Pods_SwiftFB.framework */ = {isa = PBXFileReference; explicitFileType = wrapper.framework; includeInIndex = 0; path = Pods_SwiftFB.framework; sourceTree = BUILT_PRODUCTS_DIR; };
		D7BB464E8A43251694963C84 /* Pods-SwiftFB.debug.xcconfig */ = {isa = PBXFileReference; includeInIndex = 1; lastKnownFileType = text.xcconfig; name = "Pods-SwiftFB.debug.xcconfig"; path = "Pods/Target Support Files/Pods-SwiftFB/Pods-SwiftFB.debug.xcconfig"; sourceTree = "<group>"; };
		F3D39EEF54D020C8BE821012 /* Pods-SwiftFB.release.xcconfig */ = {isa = PBXFileReference; includeInIndex = 1; lastKnownFileType = text.xcconfig; name = "Pods-SwiftFB.release.xcconfig"; path = "Pods/Target Support Files/Pods-SwiftFB/Pods-SwiftFB.release.xcconfig"; sourceTree = "<group>"; };
/* End PBXFileReference section */

/* Begin PBXFrameworksBuildPhase section */
		1D5F188C1FA0F34D006EAC73 /* Frameworks */ = {
			isa = PBXFrameworksBuildPhase;
			buildActionMask = 2147483647;
			files = (
				66DFA19A00B2AF1DF5FDC4F1 /* Pods_SwiftFB.framework in Frameworks */,
			);
			runOnlyForDeploymentPostprocessing = 0;
		};
/* End PBXFrameworksBuildPhase section */

/* Begin PBXGroup section */
		1D2891471FD1B8F5001FB882 /* LogoutContext */ = {
			isa = PBXGroup;
			children = (
				1D2891481FD1B92E001FB882 /* LogoutContext.swift */,
			);
			path = LogoutContext;
			sourceTree = "<group>";
		};
		1D5A0F861FC58F840059AFAF /* UserCell */ = {
			isa = PBXGroup;
			children = (
				1D5A0F871FC58FCF0059AFAF /* UserCell.swift */,
				1D5A0F881FC58FCF0059AFAF /* UserCell.xib */,
			);
			path = UserCell;
			sourceTree = "<group>";
		};
		1D5F18861FA0F34D006EAC73 = {
			isa = PBXGroup;
			children = (
				1D943B5C1FBCD62700B07695 /* SwiftFB */,
				1D5F18C91FA0F5CD006EAC73 /* SwiftFB.xcodeproj */,
				1D5F18901FA0F34D006EAC73 /* Products */,
				9664C0295CA1662917BBD30B /* Frameworks */,
				9D5EF695FA5C1D06D6724036 /* Pods */,
			);
			sourceTree = "<group>";
		};
		1D5F18901FA0F34D006EAC73 /* Products */ = {
			isa = PBXGroup;
			children = (
				1D5F188F1FA0F34D006EAC73 /* SwiftFB.app */,
			);
			name = Products;
			sourceTree = "<group>";
		};
		1D5F18CA1FA0F5CD006EAC73 /* Products */ = {
			isa = PBXGroup;
			children = (
			);
			name = Products;
			sourceTree = "<group>";
		};
		1D6E81BC1FBFB46200B94CF8 /* Cache */ = {
			isa = PBXGroup;
			children = (
				1D6E81BD1FBFB4B300B94CF8 /* ImageModelCache.swift */,
			);
			path = Cache;
			sourceTree = "<group>";
		};
		1D75F9ED1FCD90EB00CAB0E3 /* Protocols */ = {
			isa = PBXGroup;
			children = (
				1D75F9EE1FCD912900CAB0E3 /* RootView.swift */,
			);
			path = Protocols;
			sourceTree = "<group>";
		};
		1D7D11891FC2F4E100878834 /* InternetImageModel */ = {
			isa = PBXGroup;
			children = (
				1D7D118D1FC2FDC300878834 /* InternetImageModel.swift */,
			);
			path = InternetImageModel;
			sourceTree = "<group>";
		};
		1D7D118A1FC2F4E700878834 /* FileSystemImageModel */ = {
			isa = PBXGroup;
			children = (
				1D7D118B1FC2F53000878834 /* FileSystemImageModel.swift */,
			);
			path = FileSystemImageModel;
			sourceTree = "<group>";
		};
		1D817BDA1FBCC79F00EC01F2 /* UserParser */ = {
			isa = PBXGroup;
			children = (
				1D817BDB1FBCC7C800EC01F2 /* UserParser.swift */,
			);
			name = UserParser;
			path = SwiftFB/Source/Libraries/Classes/UserParser;
			sourceTree = SOURCE_ROOT;
		};
		1D943B5C1FBCD62700B07695 /* SwiftFB */ = {
			isa = PBXGroup;
			children = (
				1D943B5D1FBCD62700B07695 /* AppDelegate.swift */,
				1DA781161FC44E0D00E12EA0 /* Info.plist */,
				1D943B651FBCD62700B07695 /* Source */,
				1D943B5F1FBCD62700B07695 /* Resources */,
			);
			path = SwiftFB;
			sourceTree = "<group>";
		};
		1D943B5F1FBCD62700B07695 /* Resources */ = {
			isa = PBXGroup;
			children = (
				1D943B601FBCD62700B07695 /* Assets.xcassets */,
				1D943B611FBCD62700B07695 /* LaunchScreen.storyboard */,
				1D943B631FBCD62700B07695 /* Main.storyboard */,
			);
			path = Resources;
			sourceTree = "<group>";
		};
		1D943B651FBCD62700B07695 /* Source */ = {
			isa = PBXGroup;
			children = (
				1D943B751FBCD62700B07695 /* Models */,
				1D943B661FBCD62700B07695 /* Contexts */,
				1D943B7C1FBCD62700B07695 /* UI */,
				1D943B6E1FBCD62700B07695 /* Libraries */,
			);
			path = Source;
			sourceTree = "<group>";
		};
		1D943B661FBCD62700B07695 /* Contexts */ = {
			isa = PBXGroup;
			children = (
				1D943B671FBCD62700B07695 /* Context.swift */,
				1D943B691FBCD62700B07695 /* GetContext.swift */,
				1D943B681FBCD62700B07695 /* FriendsContext */,
				1D943B6A1FBCD62700B07695 /* LoginContext */,
				1D943B6C1FBCD62700B07695 /* UserDetailContext */,
				1D2891471FD1B8F5001FB882 /* LogoutContext */,
			);
			path = Contexts;
			sourceTree = "<group>";
		};
		1D943B681FBCD62700B07695 /* FriendsContext */ = {
			isa = PBXGroup;
			children = (
				1D5A0F8C1FC5B0050059AFAF /* FriendsContext.swift */,
			);
			path = FriendsContext;
			sourceTree = "<group>";
		};
		1D943B6A1FBCD62700B07695 /* LoginContext */ = {
			isa = PBXGroup;
			children = (
				1D943B6B1FBCD62700B07695 /* LoginContext.swift */,
			);
			path = LoginContext;
			sourceTree = "<group>";
		};
		1D943B6C1FBCD62700B07695 /* UserDetailContext */ = {
			isa = PBXGroup;
			children = (
				1D943B6D1FBCD62700B07695 /* UserContext.swift */,
			);
			path = UserDetailContext;
			sourceTree = "<group>";
		};
		1D943B6E1FBCD62700B07695 /* Libraries */ = {
			isa = PBXGroup;
			children = (
				1D7D11871FC2ECE400878834 /* Global.swift */,
				1D9491E41FD9C36D00C74C2F /* WeakReference */,
				1D75F9ED1FCD90EB00CAB0E3 /* Protocols */,
				1D943B6F1FBCD62700B07695 /* Classes */,
				1D943B721FBCD62700B07695 /* Extensions */,
			);
			path = Libraries;
			sourceTree = "<group>";
		};
		1D943B6F1FBCD62700B07695 /* Classes */ = {
			isa = PBXGroup;
			children = (
				1D6E81BC1FBFB46200B94CF8 /* Cache */,
				1D943B701FBCD62700B07695 /* ObservableObject */,
				1D817BDA1FBCC79F00EC01F2 /* UserParser */,
			);
			path = Classes;
			sourceTree = "<group>";
		};
		1D943B701FBCD62700B07695 /* ObservableObject */ = {
			isa = PBXGroup;
			children = (
				1D943B711FBCD62700B07695 /* ObservableObject.swift */,
			);
			path = ObservableObject;
			sourceTree = "<group>";
		};
		1D943B721FBCD62700B07695 /* Extensions */ = {
			isa = PBXGroup;
			children = (
				1D943B741FBCD62700B07695 /* UINib+Extension.swift */,
				1D7D118F1FC3029100878834 /* URL+Extension.swift */,
				1DB72E541FC32F9E00164758 /* FileManager+Extension.swift */,
				1D5FB6561FC44BDB008BEE38 /* UITableView+Extension.swift */,
				1D5EF6761FCEDEB600AB0C72 /* String+Extension.swift */,
				1D9491E91FD9C36D00C74C2F /* UIWindow+Extension.swift */,
			);
			path = Extensions;
			sourceTree = "<group>";
		};
		1D943B751FBCD62700B07695 /* Models */ = {
			isa = PBXGroup;
			children = (
				1D943B781FBCD62700B07695 /* Model.swift */,
				1D943B791FBCD62700B07695 /* UserModel */,
				1DA781111FC4493600E12EA0 /* ArrayModel */,
				1D943B771FBCD62700B07695 /* ImageModel */,
			);
			path = Models;
			sourceTree = "<group>";
		};
		1D943B771FBCD62700B07695 /* ImageModel */ = {
			isa = PBXGroup;
			children = (
				1D6E81BA1FBFB24800B94CF8 /* ImageModel.swift */,
				1D7D118A1FC2F4E700878834 /* FileSystemImageModel */,
				1D7D11891FC2F4E100878834 /* InternetImageModel */,
			);
			path = ImageModel;
			sourceTree = "<group>";
		};
		1D943B791FBCD62700B07695 /* UserModel */ = {
			isa = PBXGroup;
			children = (
				1D943B7B1FBCD62700B07695 /* UserModel.swift */,
				1D943B7A1FBCD62700B07695 /* CurrentUserModel.swift */,
			);
			path = UserModel;
			sourceTree = "<group>";
		};
		1D943B7C1FBCD62700B07695 /* UI */ = {
			isa = PBXGroup;
			children = (
				1D943B7D1FBCD62700B07695 /* ViewControllers */,
				1D943B881FBCD62700B07695 /* Views */,
			);
			path = UI;
			sourceTree = "<group>";
		};
		1D943B7D1FBCD62700B07695 /* ViewControllers */ = {
			isa = PBXGroup;
			children = (
				1D943B7E1FBCD62700B07695 /* FBViewController.swift */,
				1D943B801FBCD62700B07695 /* LoginViewController */,
				1D943B841FBCD62700B07695 /* UserViewController */,
				1D943B7F1FBCD62700B07695 /* FriendsViewController */,
			);
			path = ViewControllers;
			sourceTree = "<group>";
		};
		1D943B7F1FBCD62700B07695 /* FriendsViewController */ = {
			isa = PBXGroup;
			children = (
				1D5FB6541FC44BDB008BEE38 /* FriendsView.swift */,
				1D5FB6501FC44BDB008BEE38 /* FriendsViewController.swift */,
				1D5FB6511FC44BDB008BEE38 /* FriendsViewController.xib */,
				1D5A0F861FC58F840059AFAF /* UserCell */,
			);
			path = FriendsViewController;
			sourceTree = "<group>";
		};
		1D943B801FBCD62700B07695 /* LoginViewController */ = {
			isa = PBXGroup;
			children = (
				1D943B811FBCD62700B07695 /* LoginView.swift */,
				1D943B821FBCD62700B07695 /* LoginViewController.swift */,
				1D943B831FBCD62700B07695 /* LoginViewController.xib */,
			);
			path = LoginViewController;
			sourceTree = "<group>";
		};
		1D943B841FBCD62700B07695 /* UserViewController */ = {
			isa = PBXGroup;
			children = (
				1D943B851FBCD62700B07695 /* UserView.swift */,
				1D943B861FBCD62700B07695 /* UserViewController.swift */,
				1D943B871FBCD62700B07695 /* UserViewController.xib */,
			);
			path = UserViewController;
			sourceTree = "<group>";
		};
		1D943B881FBCD62700B07695 /* Views */ = {
			isa = PBXGroup;
			children = (
				1D943B891FBCD62700B07695 /* FBView.swift */,
				1D943B8A1FBCD62700B07695 /* ImageView */,
				1D943B8B1FBCD62700B07695 /* LoadingView */,
			);
			path = Views;
			sourceTree = "<group>";
		};
		1D943B8A1FBCD62700B07695 /* ImageView */ = {
			isa = PBXGroup;
			children = (
				1D6E81B81FBFB15C00B94CF8 /* ImageView.swift */,
			);
			path = ImageView;
			sourceTree = "<group>";
		};
		1D943B8B1FBCD62700B07695 /* LoadingView */ = {
			isa = PBXGroup;
			children = (
				1D943B8C1FBCD62700B07695 /* LoadingView.swift */,
				1D943B8D1FBCD62700B07695 /* LoadingView.xib */,
			);
			path = LoadingView;
			sourceTree = "<group>";
		};
		1D9491E41FD9C36D00C74C2F /* WeakReference */ = {
			isa = PBXGroup;
			children = (
				1D9491E51FD9C36D00C74C2F /* WeakReference.swift */,
			);
			name = WeakReference;
			path = Classes/WeakReference;
			sourceTree = "<group>";
		};
		1DA7810F1FC4492700E12EA0 /* ArrayModelOptions */ = {
			isa = PBXGroup;
			children = (
				1D5BBB3C1FC708A8004A5A6C /* ArrayModelOption.swift */,
				1D5BBB3E1FC70A27004A5A6C /* ArrayModelRemoveOption.swift */,
				1D5BBB401FC71013004A5A6C /* ArrayModelAddOption.swift */,
				1D5BBB421FC713A2004A5A6C /* ArrayModelMoveOption.swift */,
			);
			path = ArrayModelOptions;
			sourceTree = "<group>";
		};
		1DA781111FC4493600E12EA0 /* ArrayModel */ = {
			isa = PBXGroup;
			children = (
				1DA781141FC44A4300E12EA0 /* ArrayModel.swift */,
				1DA7810F1FC4492700E12EA0 /* ArrayModelOptions */,
				1DA781131FC4493600E12EA0 /* UsersModel */,
			);
			path = ArrayModel;
			sourceTree = "<group>";
		};
		1DA781131FC4493600E12EA0 /* UsersModel */ = {
			isa = PBXGroup;
			children = (
				1D263AA51FC486620048FDE3 /* UsersModel.swift */,
			);
			path = UsersModel;
			sourceTree = "<group>";
		};
		9664C0295CA1662917BBD30B /* Frameworks */ = {
			isa = PBXGroup;
			children = (
				1D1C7D421FABF54700A207A4 /* FBSDKCoreKit.framework */,
				427299F9C43D01B222BBE389 /* Pods_SwiftFB.framework */,
			);
			name = Frameworks;
			sourceTree = "<group>";
		};
		9D5EF695FA5C1D06D6724036 /* Pods */ = {
			isa = PBXGroup;
			children = (
				D7BB464E8A43251694963C84 /* Pods-SwiftFB.debug.xcconfig */,
				F3D39EEF54D020C8BE821012 /* Pods-SwiftFB.release.xcconfig */,
			);
			name = Pods;
			sourceTree = "<group>";
		};
/* End PBXGroup section */

/* Begin PBXNativeTarget section */
		1D5F188E1FA0F34D006EAC73 /* SwiftFB */ = {
			isa = PBXNativeTarget;
			buildConfigurationList = 1D5F18A41FA0F34D006EAC73 /* Build configuration list for PBXNativeTarget "SwiftFB" */;
			buildPhases = (
				484A936EE189E8085390831A /* [CP] Check Pods Manifest.lock */,
				1D5F188B1FA0F34D006EAC73 /* Sources */,
				1D5F188C1FA0F34D006EAC73 /* Frameworks */,
				1D5F188D1FA0F34D006EAC73 /* Resources */,
				A259A70CBA595E715E8CB7CC /* [CP] Embed Pods Frameworks */,
				4EEF9C550EBC7E8E0596E713 /* [CP] Copy Pods Resources */,
			);
			buildRules = (
			);
			dependencies = (
			);
			name = SwiftFB;
			productName = SwiftFB;
			productReference = 1D5F188F1FA0F34D006EAC73 /* SwiftFB.app */;
			productType = "com.apple.product-type.application";
		};
/* End PBXNativeTarget section */

/* Begin PBXProject section */
		1D5F18871FA0F34D006EAC73 /* Project object */ = {
			isa = PBXProject;
			attributes = {
				LastSwiftUpdateCheck = 0820;
				LastUpgradeCheck = 0830;
				ORGANIZATIONNAME = "Aleksey Zuiev";
				TargetAttributes = {
					1D5F188E1FA0F34D006EAC73 = {
						CreatedOnToolsVersion = 8.2.1;
						LastSwiftMigration = 0820;
						ProvisioningStyle = Automatic;
					};
				};
			};
			buildConfigurationList = 1D5F188A1FA0F34D006EAC73 /* Build configuration list for PBXProject "SwiftFB" */;
			compatibilityVersion = "Xcode 3.2";
			developmentRegion = English;
			hasScannedForEncodings = 0;
			knownRegions = (
				en,
				Base,
			);
			mainGroup = 1D5F18861FA0F34D006EAC73;
			productRefGroup = 1D5F18901FA0F34D006EAC73 /* Products */;
			projectDirPath = "";
			projectReferences = (
				{
					ProductGroup = 1D5F18CA1FA0F5CD006EAC73 /* Products */;
					ProjectRef = 1D5F18C91FA0F5CD006EAC73 /* SwiftFB.xcodeproj */;
				},
			);
			projectRoot = "";
			targets = (
				1D5F188E1FA0F34D006EAC73 /* SwiftFB */,
			);
		};
/* End PBXProject section */

/* Begin PBXResourcesBuildPhase section */
		1D5F188D1FA0F34D006EAC73 /* Resources */ = {
			isa = PBXResourcesBuildPhase;
			buildActionMask = 2147483647;
			files = (
				1D943BA01FBCD62700B07695 /* LoginViewController.xib in Resources */,
				1D943BA31FBCD62700B07695 /* UserViewController.xib in Resources */,
				1D943B911FBCD62700B07695 /* LaunchScreen.storyboard in Resources */,
				1D943B901FBCD62700B07695 /* Assets.xcassets in Resources */,
				1D5A0F8A1FC58FCF0059AFAF /* UserCell.xib in Resources */,
				1D943BA61FBCD62700B07695 /* LoadingView.xib in Resources */,
				1D5FB6531FC44BDB008BEE38 /* FriendsViewController.xib in Resources */,
				1D943B921FBCD62700B07695 /* Main.storyboard in Resources */,
			);
			runOnlyForDeploymentPostprocessing = 0;
		};
/* End PBXResourcesBuildPhase section */

/* Begin PBXShellScriptBuildPhase section */
		484A936EE189E8085390831A /* [CP] Check Pods Manifest.lock */ = {
			isa = PBXShellScriptBuildPhase;
			buildActionMask = 2147483647;
			files = (
			);
			inputPaths = (
			);
			name = "[CP] Check Pods Manifest.lock";
			outputPaths = (
			);
			runOnlyForDeploymentPostprocessing = 0;
			shellPath = /bin/sh;
			shellScript = "diff \"${PODS_PODFILE_DIR_PATH}/Podfile.lock\" \"${PODS_ROOT}/Manifest.lock\" > /dev/null\nif [ $? != 0 ] ; then\n    # print error to STDERR\n    echo \"error: The sandbox is not in sync with the Podfile.lock. Run 'pod install' or update your CocoaPods installation.\" >&2\n    exit 1\nfi\n";
			showEnvVarsInLog = 0;
		};
		4EEF9C550EBC7E8E0596E713 /* [CP] Copy Pods Resources */ = {
			isa = PBXShellScriptBuildPhase;
			buildActionMask = 2147483647;
			files = (
			);
			inputPaths = (
			);
			name = "[CP] Copy Pods Resources";
			outputPaths = (
			);
			runOnlyForDeploymentPostprocessing = 0;
			shellPath = /bin/sh;
			shellScript = "\"${SRCROOT}/Pods/Target Support Files/Pods-SwiftFB/Pods-SwiftFB-resources.sh\"\n";
			showEnvVarsInLog = 0;
		};
		A259A70CBA595E715E8CB7CC /* [CP] Embed Pods Frameworks */ = {
			isa = PBXShellScriptBuildPhase;
			buildActionMask = 2147483647;
			files = (
			);
			inputPaths = (
			);
			name = "[CP] Embed Pods Frameworks";
			outputPaths = (
			);
			runOnlyForDeploymentPostprocessing = 0;
			shellPath = /bin/sh;
			shellScript = "\"${SRCROOT}/Pods/Target Support Files/Pods-SwiftFB/Pods-SwiftFB-frameworks.sh\"\n";
			showEnvVarsInLog = 0;
		};
/* End PBXShellScriptBuildPhase section */

/* Begin PBXSourcesBuildPhase section */
		1D5F188B1FA0F34D006EAC73 /* Sources */ = {
			isa = PBXSourcesBuildPhase;
			buildActionMask = 2147483647;
			files = (
				1D6E81B91FBFB15C00B94CF8 /* ImageView.swift in Sources */,
				1D5BBB431FC713A2004A5A6C /* ArrayModelMoveOption.swift in Sources */,
				1D943B9F1FBCD62700B07695 /* LoginViewController.swift in Sources */,
				1D263AA61FC486620048FDE3 /* UsersModel.swift in Sources */,
				1D943BA21FBCD62700B07695 /* UserViewController.swift in Sources */,
				1D5FB6521FC44BDB008BEE38 /* FriendsViewController.swift in Sources */,
				1D75F9EF1FCD912900CAB0E3 /* RootView.swift in Sources */,
				1D943B9B1FBCD62700B07695 /* CurrentUserModel.swift in Sources */,
				1D5BBB3D1FC708A8004A5A6C /* ArrayModelOption.swift in Sources */,
				1D943B9A1FBCD62700B07695 /* Model.swift in Sources */,
				1D7D11901FC3029100878834 /* URL+Extension.swift in Sources */,
				1D5A0F8D1FC5B0050059AFAF /* FriendsContext.swift in Sources */,
				1D5A0F891FC58FCF0059AFAF /* UserCell.swift in Sources */,
				1D943B961FBCD62700B07695 /* UserContext.swift in Sources */,
				1D5FB6571FC44BDB008BEE38 /* UITableView+Extension.swift in Sources */,
				1D7D118C1FC2F53000878834 /* FileSystemImageModel.swift in Sources */,
				1D5BBB411FC71013004A5A6C /* ArrayModelAddOption.swift in Sources */,
				1D943B8E1FBCD62700B07695 /* AppDelegate.swift in Sources */,
				1D7D11881FC2ECE400878834 /* Global.swift in Sources */,
				1D9491E61FD9C36D00C74C2F /* WeakReference.swift in Sources */,
				1D5EF6771FCEDEB600AB0C72 /* String+Extension.swift in Sources */,
				1D943BA41FBCD62700B07695 /* FBView.swift in Sources */,
				1D5BBB3F1FC70A27004A5A6C /* ArrayModelRemoveOption.swift in Sources */,
				1D9491EA1FD9C36D00C74C2F /* UIWindow+Extension.swift in Sources */,
				1D943B931FBCD62700B07695 /* Context.swift in Sources */,
				1D943BA11FBCD62700B07695 /* UserView.swift in Sources */,
				1D5FB6551FC44BDB008BEE38 /* FriendsView.swift in Sources */,
				1D817BDC1FBCC7C800EC01F2 /* UserParser.swift in Sources */,
				1D6E81BE1FBFB4B300B94CF8 /* ImageModelCache.swift in Sources */,
				1D943B941FBCD62700B07695 /* GetContext.swift in Sources */,
				1D6E81BB1FBFB24800B94CF8 /* ImageModel.swift in Sources */,
				1D943B951FBCD62700B07695 /* LoginContext.swift in Sources */,
				1DA781151FC44A4300E12EA0 /* ArrayModel.swift in Sources */,
				1D943B9D1FBCD62700B07695 /* FBViewController.swift in Sources */,
				1D943B971FBCD62700B07695 /* ObservableObject.swift in Sources */,
				1D943B9E1FBCD62700B07695 /* LoginView.swift in Sources */,
				1D943B991FBCD62700B07695 /* UINib+Extension.swift in Sources */,
				1D943B9C1FBCD62700B07695 /* UserModel.swift in Sources */,
				1D943BA51FBCD62700B07695 /* LoadingView.swift in Sources */,
				1D7D118E1FC2FDC300878834 /* InternetImageModel.swift in Sources */,
				1D2891491FD1B92E001FB882 /* LogoutContext.swift in Sources */,
				1DB72E551FC32F9E00164758 /* FileManager+Extension.swift in Sources */,
			);
			runOnlyForDeploymentPostprocessing = 0;
		};
/* End PBXSourcesBuildPhase section */

/* Begin PBXVariantGroup section */
		1D943B611FBCD62700B07695 /* LaunchScreen.storyboard */ = {
			isa = PBXVariantGroup;
			children = (
				1D943B621FBCD62700B07695 /* Base */,
			);
			name = LaunchScreen.storyboard;
			sourceTree = "<group>";
		};
		1D943B631FBCD62700B07695 /* Main.storyboard */ = {
			isa = PBXVariantGroup;
			children = (
				1D943B641FBCD62700B07695 /* Base */,
			);
			name = Main.storyboard;
			sourceTree = "<group>";
		};
/* End PBXVariantGroup section */

/* Begin XCBuildConfiguration section */
		1D5F18A21FA0F34D006EAC73 /* Debug */ = {
			isa = XCBuildConfiguration;
			buildSettings = {
				ALWAYS_SEARCH_USER_PATHS = NO;
				CLANG_ANALYZER_NONNULL = YES;
				CLANG_CXX_LANGUAGE_STANDARD = "gnu++0x";
				CLANG_CXX_LIBRARY = "libc++";
				CLANG_ENABLE_MODULES = YES;
				CLANG_ENABLE_OBJC_ARC = YES;
				CLANG_WARN_BOOL_CONVERSION = YES;
				CLANG_WARN_CONSTANT_CONVERSION = YES;
				CLANG_WARN_DIRECT_OBJC_ISA_USAGE = YES_ERROR;
				CLANG_WARN_DOCUMENTATION_COMMENTS = YES;
				CLANG_WARN_EMPTY_BODY = YES;
				CLANG_WARN_ENUM_CONVERSION = YES;
				CLANG_WARN_INFINITE_RECURSION = YES;
				CLANG_WARN_INT_CONVERSION = YES;
				CLANG_WARN_OBJC_ROOT_CLASS = YES_ERROR;
				CLANG_WARN_SUSPICIOUS_MOVE = YES;
				CLANG_WARN_UNREACHABLE_CODE = YES;
				CLANG_WARN__DUPLICATE_METHOD_MATCH = YES;
				"CODE_SIGN_IDENTITY[sdk=iphoneos*]" = "iPhone Developer";
				COPY_PHASE_STRIP = NO;
				DEBUG_INFORMATION_FORMAT = dwarf;
				ENABLE_STRICT_OBJC_MSGSEND = YES;
				ENABLE_TESTABILITY = YES;
				FRAMEWORK_SEARCH_PATHS = "$(SRCROOT)";
				GCC_C_LANGUAGE_STANDARD = gnu99;
				GCC_DYNAMIC_NO_PIC = NO;
				GCC_NO_COMMON_BLOCKS = YES;
				GCC_OPTIMIZATION_LEVEL = 0;
				GCC_PREPROCESSOR_DEFINITIONS = (
					"DEBUG=1",
					"$(inherited)",
				);
				GCC_WARN_64_TO_32_BIT_CONVERSION = YES;
				GCC_WARN_ABOUT_RETURN_TYPE = YES_ERROR;
				GCC_WARN_UNDECLARED_SELECTOR = YES;
				GCC_WARN_UNINITIALIZED_AUTOS = YES_AGGRESSIVE;
				GCC_WARN_UNUSED_FUNCTION = YES;
				GCC_WARN_UNUSED_VARIABLE = YES;
				IPHONEOS_DEPLOYMENT_TARGET = 10.2;
				MTL_ENABLE_DEBUG_INFO = YES;
				ONLY_ACTIVE_ARCH = YES;
				SDKROOT = iphoneos;
				SWIFT_ACTIVE_COMPILATION_CONDITIONS = DEBUG;
				SWIFT_OPTIMIZATION_LEVEL = "-Onone";
			};
			name = Debug;
		};
		1D5F18A31FA0F34D006EAC73 /* Release */ = {
			isa = XCBuildConfiguration;
			buildSettings = {
				ALWAYS_SEARCH_USER_PATHS = NO;
				CLANG_ANALYZER_NONNULL = YES;
				CLANG_CXX_LANGUAGE_STANDARD = "gnu++0x";
				CLANG_CXX_LIBRARY = "libc++";
				CLANG_ENABLE_MODULES = YES;
				CLANG_ENABLE_OBJC_ARC = YES;
				CLANG_WARN_BOOL_CONVERSION = YES;
				CLANG_WARN_CONSTANT_CONVERSION = YES;
				CLANG_WARN_DIRECT_OBJC_ISA_USAGE = YES_ERROR;
				CLANG_WARN_DOCUMENTATION_COMMENTS = YES;
				CLANG_WARN_EMPTY_BODY = YES;
				CLANG_WARN_ENUM_CONVERSION = YES;
				CLANG_WARN_INFINITE_RECURSION = YES;
				CLANG_WARN_INT_CONVERSION = YES;
				CLANG_WARN_OBJC_ROOT_CLASS = YES_ERROR;
				CLANG_WARN_SUSPICIOUS_MOVE = YES;
				CLANG_WARN_UNREACHABLE_CODE = YES;
				CLANG_WARN__DUPLICATE_METHOD_MATCH = YES;
				"CODE_SIGN_IDENTITY[sdk=iphoneos*]" = "iPhone Developer";
				COPY_PHASE_STRIP = NO;
				DEBUG_INFORMATION_FORMAT = "dwarf-with-dsym";
				ENABLE_NS_ASSERTIONS = NO;
				ENABLE_STRICT_OBJC_MSGSEND = YES;
				FRAMEWORK_SEARCH_PATHS = "$(SRCROOT)";
				GCC_C_LANGUAGE_STANDARD = gnu99;
				GCC_NO_COMMON_BLOCKS = YES;
				GCC_WARN_64_TO_32_BIT_CONVERSION = YES;
				GCC_WARN_ABOUT_RETURN_TYPE = YES_ERROR;
				GCC_WARN_UNDECLARED_SELECTOR = YES;
				GCC_WARN_UNINITIALIZED_AUTOS = YES_AGGRESSIVE;
				GCC_WARN_UNUSED_FUNCTION = YES;
				GCC_WARN_UNUSED_VARIABLE = YES;
				IPHONEOS_DEPLOYMENT_TARGET = 10.2;
				MTL_ENABLE_DEBUG_INFO = NO;
				SDKROOT = iphoneos;
				SWIFT_OPTIMIZATION_LEVEL = "-Owholemodule";
				VALIDATE_PRODUCT = YES;
			};
			name = Release;
		};
		1D5F18A51FA0F34D006EAC73 /* Debug */ = {
			isa = XCBuildConfiguration;
			baseConfigurationReference = D7BB464E8A43251694963C84 /* Pods-SwiftFB.debug.xcconfig */;
			buildSettings = {
				ASSETCATALOG_COMPILER_APPICON_NAME = AppIcon;
				CLANG_ENABLE_MODULES = YES;
				FRAMEWORK_SEARCH_PATHS = (
					"$(SRCROOT)",
					"$(inherited)",
				);
				INFOPLIST_FILE = "$(SRCROOT)/SwiftFB/Info.plist";
				LD_RUNPATH_SEARCH_PATHS = "$(inherited) @executable_path/Resources/Frameworks";
				PRODUCT_BUNDLE_IDENTIFIER = idap.SwiftFB;
				PRODUCT_NAME = "$(TARGET_NAME)";
				SWIFT_OPTIMIZATION_LEVEL = "-Onone";
				SWIFT_VERSION = 3.0;
			};
			name = Debug;
		};
		1D5F18A61FA0F34D006EAC73 /* Release */ = {
			isa = XCBuildConfiguration;
			baseConfigurationReference = F3D39EEF54D020C8BE821012 /* Pods-SwiftFB.release.xcconfig */;
			buildSettings = {
				ASSETCATALOG_COMPILER_APPICON_NAME = AppIcon;
				CLANG_ENABLE_MODULES = YES;
				FRAMEWORK_SEARCH_PATHS = (
					"$(SRCROOT)",
					"$(inherited)",
				);
				INFOPLIST_FILE = "$(SRCROOT)/SwiftFB/Info.plist";
				LD_RUNPATH_SEARCH_PATHS = "$(inherited) @executable_path/Resources/Frameworks";
				PRODUCT_BUNDLE_IDENTIFIER = idap.SwiftFB;
				PRODUCT_NAME = "$(TARGET_NAME)";
				SWIFT_VERSION = 3.0;
			};
			name = Release;
		};
/* End XCBuildConfiguration section */

/* Begin XCConfigurationList section */
		1D5F188A1FA0F34D006EAC73 /* Build configuration list for PBXProject "SwiftFB" */ = {
			isa = XCConfigurationList;
			buildConfigurations = (
				1D5F18A21FA0F34D006EAC73 /* Debug */,
				1D5F18A31FA0F34D006EAC73 /* Release */,
			);
			defaultConfigurationIsVisible = 0;
			defaultConfigurationName = Release;
		};
		1D5F18A41FA0F34D006EAC73 /* Build configuration list for PBXNativeTarget "SwiftFB" */ = {
			isa = XCConfigurationList;
			buildConfigurations = (
				1D5F18A51FA0F34D006EAC73 /* Debug */,
				1D5F18A61FA0F34D006EAC73 /* Release */,
			);
			defaultConfigurationIsVisible = 0;
			defaultConfigurationName = Release;
		};
/* End XCConfigurationList section */
	};
	rootObject = 1D5F18871FA0F34D006EAC73 /* Project object */;
}
